# THIS IS AN AUTOGENERATED FILE. DO NOT EDIT THIS FILE DIRECTLY.
# yarn lockfile v1


babel-runtime@^6.22.0:
  version "6.26.0"
  resolved "https://registry.yarnpkg.com/babel-runtime/-/babel-runtime-6.26.0.tgz#965c7058668e82b55d7bfe04ff2337bc8b5647fe"
  dependencies:
    core-js "^2.4.0"
    regenerator-runtime "^0.11.0"

bowser@^1.5.0:
  version "1.9.1"
  resolved "https://registry.yarnpkg.com/bowser/-/bowser-1.9.1.tgz#f86ef2132e8cb10b3eb6ea5af018758c587020db"

clipboard@^1.6.0:
  version "1.7.1"
  resolved "https://registry.yarnpkg.com/clipboard/-/clipboard-1.7.1.tgz#360d6d6946e99a7a1fef395e42ba92b5e9b5a16b"
  dependencies:
    good-listener "^1.2.2"
    select "^1.1.2"
    tiny-emitter "^2.0.0"

core-js@^2.4.0:
  version "2.5.3"
  resolved "https://registry.yarnpkg.com/core-js/-/core-js-2.5.3.tgz#8acc38345824f16d8365b7c9b4259168e8ed603e"

delegate@^3.1.2:
  version "3.2.0"
  resolved "https://registry.yarnpkg.com/delegate/-/delegate-3.2.0.tgz#b66b71c3158522e8ab5744f720d8ca0c2af59166"

dom-align@^1.5.2:
  version "1.6.7"
  resolved "https://registry.yarnpkg.com/dom-align/-/dom-align-1.6.7.tgz#6858138efb6b77405ce99146d0be5e4f7282813f"

good-listener@^1.2.2:
  version "1.2.2"
  resolved "https://registry.yarnpkg.com/good-listener/-/good-listener-1.2.2.tgz#d53b30cdf9313dffb7dc9a0d477096aa6d145c50"
  dependencies:
    delegate "^3.1.2"

jr-ui@^0.0.6:
  version "0.0.6"
  resolved "https://registry.yarnpkg.com/jr-ui/-/jr-ui-0.0.6.tgz#47ed7ba84b981614662bf94b80e15dfb755d54c0"
  dependencies:
    babel-runtime "^6.22.0"
    bowser "^1.5.0"
    clipboard "^1.6.0"
    dom-align "^1.5.2"
    moment "^2.17.1"
    regularjs "0.4.3"
    reqwest "^2.0.5"
    validator "^6.1.0"

moment@^2.17.1:
  version "2.20.1"
  resolved "https://registry.yarnpkg.com/moment/-/moment-2.20.1.tgz#d6eb1a46cbcc14a2b2f9434112c1ff8907f313fd"

regenerator-runtime@^0.11.0:
  version "0.11.1"
  resolved "https://registry.yarnpkg.com/regenerator-runtime/-/regenerator-runtime-0.11.1.tgz#be05ad7f9bf7d22e056f9726cee5017fbf19e2e9"

regularjs@0.4.3:
  version "0.4.3"
  resolved "https://registry.yarnpkg.com/regularjs/-/regularjs-0.4.3.tgz#8e99479c0836ac61a3ba66cbf6158d8d84a26901"

reqwest@^2.0.5:
  version "2.0.5"
  resolved "https://registry.yarnpkg.com/reqwest/-/reqwest-2.0.5.tgz#00fb15ac4918c419ca82b43f24c78882e66039a1"

select@^1.1.2:
  version "1.1.2"
  resolved "https://registry.yarnpkg.com/select/-/select-1.1.2.tgz#0e7350acdec80b1108528786ec1d4418d11b396d"

tiny-emitter@^2.0.0:
  version "2.0.2"
  resolved "https://registry.yarnpkg.com/tiny-emitter/-/tiny-emitter-2.0.2.tgz#82d27468aca5ade8e5fd1e6d22b57dd43ebdfb7c"

validator@^6.1.0:
  version "6.3.0"
  resolved "https://registry.yarnpkg.com/validator/-/validator-6.3.0.tgz#47ce23ed8d4eaddfa9d4b8ef0071b6cf1078d7c8"
